
Microsoft Visual Studio Solution File, Format Version 12.00
# Visual Studio Version 16
VisualStudioVersion = 16.0.29609.76
MinimumVisualStudioVersion = 10.0.40219.1
Project("{FAE04EC0-301F-11D3-BF4B-00C04F79EFBC}") = "WPFDemo", "WPFDemo\WPFDemo.csproj", "{7B984513-4D29-4F38-B456-34958BA25E50}"
EndProject
Global
	GlobalSection(SolutionConfigurationPlatforms) = preSolution
		Debug|Any CPU = Debug|Any CPU
		Release|Any CPU = Release|Any CPU
	EndGlobalSection
	GlobalSection(ProjectConfigurationPlatforms) = postSolution
		{7B984513-4D29-4F38-B456-34958BA25E50}.Debug|Any CPU.ActiveCfg = Debug|Any CPU
		{7B984513-4D29-4F38-B456-34958BA25E50}.Debug|Any CPU.Build.0 = Debug|Any CPU
		{7B984513-4D29-4F38-B456-34958BA25E50}.Release|Any CPU.ActiveCfg = Release|Any CPU
		{7B984513-4D29-4F38-B456-34958BA25E50}.Release|Any CPU.Build.0 = Release|Any CPU
	EndGlobalSection
	GlobalSection(SolutionProperties) = preSolution
		HideSolutionNode = FALSE
	EndGlobalSection
	GlobalSection(ExtensibilityGlobals) = postSolution
		SolutionGuid = {17593464-0F22-49FA-9F9A-44A9FE590261}
	EndGlobalSection
EndGlobal
